<?xml version="1.0" encoding="UTF-8" standalone="yes" ?>
<CodeBlocks_project_file>
	<FileVersion major="1" minor="6" />
	<Project>
		<Option title="ProjetSI" />
		<Option pch_mode="2" />
		<Option compiler="gcc" />
		<Build>
			<Target title="Debug">
				<Option output="bin/Debug/ProjetSI" prefix_auto="1" extension_auto="1" />
				<Option object_output="obj/Debug/" />
				<Option type="1" />
				<Option compiler="gcc" />
				<Compiler>
					<Add option="-g" />
					<Add directory="./" />
					<Add directory="include" />
				</Compiler>
				<Linker>
					<Add library="GL" />
					<Add library="GLU" />
					<Add library="glut" />
					<Add library="jpeg" />
				</Linker>
			</Target>
			<Target title="Release">
				<Option output="bin/Release/ProjetSI" prefix_auto="1" extension_auto="1" />
				<Option object_output="obj/Release/" />
				<Option type="1" />
				<Option compiler="gcc" />
				<Compiler>
					<Add option="-O2" />
					<Add directory="./" />
					<Add directory="include" />
				</Compiler>
				<Linker>
					<Add option="-s" />
					<Add library="GL" />
					<Add library="GLU" />
					<Add library="glut" />
					<Add library="jpeg" />
				</Linker>
			</Target>
		</Build>
		<Compiler>
			<Add option="-Wall" />
		</Compiler>
		<Unit filename="dragon/ailes.cpp" />
		<Unit filename="dragon/ailes.h" />
		<Unit filename="dragon/boulefeu.cpp" />
		<Unit filename="dragon/boulefeu.h" />
		<Unit filename="dragon/corps.cpp" />
		<Unit filename="dragon/corps.h" />
		<Unit filename="dragon/pattes.cpp" />
		<Unit filename="dragon/pattes.h" />
		<Unit filename="dragon/tete.cpp" />
		<Unit filename="dragon/tete.h" />
		<Unit filename="facette.cpp" />
		<Unit filename="facette.h" />
		<Unit filename="formes.cpp" />
		<Unit filename="formes.h" />
		<Unit filename="main.cpp" />
		<Unit filename="point.cpp" />
		<Unit filename="point.h" />
		<Unit filename="textures.cpp" />
		<Unit filename="textures.h" />
		<Unit filename="utils.cpp" />
		<Unit filename="utils.h" />
		<Extensions />
	</Project>
</CodeBlocks_project_file>
